// !$*UTF8*$!
{
	archiveVersion = 1;
	classes = {
	};
	objectVersion = 46;
	objects = {

/* Begin PBXBuildFile section */
		FBB53C9C1D0BC9B400DD182D /* ZKSwizzle.m in Sources */ = {isa = PBXBuildFile; fileRef = FBB53C9B1D0BC9B400DD182D /* ZKSwizzle.m */; };
		FBB53C9F1D0BC9EF00DD182D /* fullscreenER.m in Sources */ = {isa = PBXBuildFile; fileRef = FBB53C9E1D0BC9EF00DD182D /* fullscreenER.m */; };
/* End PBXBuildFile section */

/* Begin PBXFileReference section */
		FBB53C941D0BC99600DD182D /* fullscreenER.bundle */ = {isa = PBXFileReference; explicitFileType = wrapper.cfbundle; includeInIndex = 0; path = fullscreenER.bundle; sourceTree = BUILT_PRODUCTS_DIR; };
		FBB53C9A1D0BC9B400DD182D /* ZKSwizzle.h */ = {isa = PBXFileReference; fileEncoding = 4; lastKnownFileType = sourcecode.c.h; name = ZKSwizzle.h; path = ZKSwizzle/ZKSwizzle.h; sourceTree = "<group>"; };
		FBB53C9B1D0BC9B400DD182D /* ZKSwizzle.m */ = {isa = PBXFileReference; fileEncoding = 4; lastKnownFileType = sourcecode.c.objc; name = ZKSwizzle.m; path = ZKSwizzle/ZKSwizzle.m; sourceTree = "<group>"; };
		FBB53C9D1D0BC9EF00DD182D /* fullscreenER.h */ = {isa = PBXFileReference; fileEncoding = 4; lastKnownFileType = sourcecode.c.h; path = fullscreenER.h; sourceTree = "<group>"; };
		FBB53C9E1D0BC9EF00DD182D /* fullscreenER.m */ = {isa = PBXFileReference; fileEncoding = 4; lastKnownFileType = sourcecode.c.objc; path = fullscreenER.m; sourceTree = "<group>"; };
		FBB53CA11D0BCB8B00DD182D /* Info.plist */ = {isa = PBXFileReference; fileEncoding = 4; lastKnownFileType = text.plist.xml; path = Info.plist; sourceTree = "<group>"; };
/* End PBXFileReference section */

/* Begin PBXFrameworksBuildPhase section */
		FBB53C911D0BC99600DD182D /* Frameworks */ = {
			isa = PBXFrameworksBuildPhase;
			buildActionMask = 2147483647;
			files = (
			);
			runOnlyForDeploymentPostprocessing = 0;
		};
/* End PBXFrameworksBuildPhase section */

/* Begin PBXGroup section */
		FBB53C951D0BC99600DD182D /* fullscreenER */ = {
			isa = PBXGroup;
			children = (
				FBB53CA01D0BCA5E00DD182D /* ZKSwizzle */,
				FBB53C9D1D0BC9EF00DD182D /* fullscreenER.h */,
				FBB53C9E1D0BC9EF00DD182D /* fullscreenER.m */,
				FBB53CA11D0BCB8B00DD182D /* Info.plist */,
			);
			path = fullscreenER;
			sourceTree = "<group>";
		};
		FBB53CA01D0BCA5E00DD182D /* ZKSwizzle */ = {
			isa = PBXGroup;
			children = (
				FBB53C9A1D0BC9B400DD182D /* ZKSwizzle.h */,
				FBB53C9B1D0BC9B400DD182D /* ZKSwizzle.m */,
			);
			name = ZKSwizzle;
			sourceTree = "<group>";
		};
		FBFEDC171BA261DE009B4689 = {
			isa = PBXGroup;
			children = (
				FBB53C951D0BC99600DD182D /* fullscreenER */,
				FBFEDC211BA261DE009B4689 /* Products */,
			);
			sourceTree = "<group>";
		};
		FBFEDC211BA261DE009B4689 /* Products */ = {
			isa = PBXGroup;
			children = (
				FBB53C941D0BC99600DD182D /* fullscreenER.bundle */,
			);
			name = Products;
			sourceTree = "<group>";
		};
/* End PBXGroup section */

/* Begin PBXNativeTarget section */
		FBB53C931D0BC99600DD182D /* fullscreenER */ = {
			isa = PBXNativeTarget;
			buildConfigurationList = FBB53C971D0BC99600DD182D /* Build configuration list for PBXNativeTarget "fullscreenER" */;
			buildPhases = (
				FBB53C901D0BC99600DD182D /* Sources */,
				FBB53C911D0BC99600DD182D /* Frameworks */,
				FBB53C921D0BC99600DD182D /* Resources */,
			);
			buildRules = (
			);
			dependencies = (
			);
			name = fullscreenER;
			productName = fullscreenER;
			productReference = FBB53C941D0BC99600DD182D /* fullscreenER.bundle */;
			productType = "com.apple.product-type.bundle";
		};
/* End PBXNativeTarget section */

/* Begin PBXProject section */
		FBFEDC181BA261DE009B4689 /* Project object */ = {
			isa = PBXProject;
			attributes = {
				LastUpgradeCheck = 0700;
				ORGANIZATIONNAME = "Wolfgang Baird";
				TargetAttributes = {
					FBB53C931D0BC99600DD182D = {
						CreatedOnToolsVersion = 7.3;
					};
				};
			};
			buildConfigurationList = FBFEDC1B1BA261DE009B4689 /* Build configuration list for PBXProject "fullscreenER" */;
			compatibilityVersion = "Xcode 3.2";
			developmentRegion = English;
			hasScannedForEncodings = 0;
			knownRegions = (
				en,
			);
			mainGroup = FBFEDC171BA261DE009B4689;
			productRefGroup = FBFEDC211BA261DE009B4689 /* Products */;
			projectDirPath = "";
			projectRoot = "";
			targets = (
				FBB53C931D0BC99600DD182D /* fullscreenER */,
			);
		};
/* End PBXProject section */

/* Begin PBXResourcesBuildPhase section */
		FBB53C921D0BC99600DD182D /* Resources */ = {
			isa = PBXResourcesBuildPhase;
			buildActionMask = 2147483647;
			files = (
			);
			runOnlyForDeploymentPostprocessing = 0;
		};
/* End PBXResourcesBuildPhase section */

/* Begin PBXSourcesBuildPhase section */
		FBB53C901D0BC99600DD182D /* Sources */ = {
			isa = PBXSourcesBuildPhase;
			buildActionMask = 2147483647;
			files = (
				FBB53C9C1D0BC9B400DD182D /* ZKSwizzle.m in Sources */,
				FBB53C9F1D0BC9EF00DD182D /* fullscreenER.m in Sources */,
			);
			runOnlyForDeploymentPostprocessing = 0;
		};
/* End PBXSourcesBuildPhase section */

/* Begin XCBuildConfiguration section */
		FBB53C981D0BC99600DD182D /* Debug */ = {
			isa = XCBuildConfiguration;
			buildSettings = {
				CLANG_ANALYZER_NONNULL = YES;
				CODE_SIGN_IDENTITY = "-";
				COMBINE_HIDPI_IMAGES = YES;
				INFOPLIST_FILE = fullscreenER/Info.plist;
				INSTALL_PATH = "$(LOCAL_LIBRARY_DIR)/Bundles";
				MACOSX_DEPLOYMENT_TARGET = 10.11;
				PRODUCT_BUNDLE_IDENTIFIER = org.w0lf.fullscreenER;
				PRODUCT_NAME = "$(TARGET_NAME)";
				SKIP_INSTALL = YES;
				WRAPPER_EXTENSION = bundle;
			};
			name = Debug;
		};
		FBB53C991D0BC99600DD182D /* Release */ = {
			isa = XCBuildConfiguration;
			buildSettings = {
				CLANG_ANALYZER_NONNULL = YES;
				CODE_SIGN_IDENTITY = "-";
				COMBINE_HIDPI_IMAGES = YES;
				INFOPLIST_FILE = fullscreenER/Info.plist;
				INSTALL_PATH = "$(LOCAL_LIBRARY_DIR)/Bundles";
				MACOSX_DEPLOYMENT_TARGET = 10.11;
				PRODUCT_BUNDLE_IDENTIFIER = org.w0lf.fullscreenER;
				PRODUCT_NAME = "$(TARGET_NAME)";
				SKIP_INSTALL = YES;
				WRAPPER_EXTENSION = bundle;
			};
			name = Release;
		};
		FBFEDC241BA261DF009B4689 /* Debug */ = {
			isa = XCBuildConfiguration;
			buildSettings = {
				ALWAYS_SEARCH_USER_PATHS = NO;
				CLANG_CXX_LANGUAGE_STANDARD = "gnu++0x";
				CLANG_CXX_LIBRARY = "libc++";
				CLANG_ENABLE_MODULES = YES;
				CLANG_ENABLE_OBJC_ARC = YES;
				CLANG_WARN_BOOL_CONVERSION = YES;
				CLANG_WARN_CONSTANT_CONVERSION = YES;
				CLANG_WARN_DIRECT_OBJC_ISA_USAGE = YES_ERROR;
				CLANG_WARN_EMPTY_BODY = YES;
				CLANG_WARN_ENUM_CONVERSION = YES;
				CLANG_WARN_INT_CONVERSION = YES;
				CLANG_WARN_OBJC_ROOT_CLASS = YES_ERROR;
				CLANG_WARN_UNREACHABLE_CODE = YES;
				CLANG_WARN__DUPLICATE_METHOD_MATCH = YES;
				COPY_PHASE_STRIP = NO;
				DEBUG_INFORMATION_FORMAT = dwarf;
				ENABLE_STRICT_OBJC_MSGSEND = YES;
				ENABLE_TESTABILITY = YES;
				GCC_C_LANGUAGE_STANDARD = gnu99;
				GCC_DYNAMIC_NO_PIC = NO;
				GCC_NO_COMMON_BLOCKS = YES;
				GCC_OPTIMIZATION_LEVEL = 0;
				GCC_PREPROCESSOR_DEFINITIONS = (
					"DEBUG=1",
					"$(inherited)",
				);
				GCC_WARN_64_TO_32_BIT_CONVERSION = YES;
				GCC_WARN_ABOUT_RETURN_TYPE = YES_ERROR;
				GCC_WARN_UNDECLARED_SELECTOR = YES;
				GCC_WARN_UNINITIALIZED_AUTOS = YES_AGGRESSIVE;
				GCC_WARN_UNUSED_FUNCTION = YES;
				GCC_WARN_UNUSED_VARIABLE = YES;
				MACOSX_DEPLOYMENT_TARGET = 10.9;
				MTL_ENABLE_DEBUG_INFO = YES;
				ONLY_ACTIVE_ARCH = YES;
				SDKROOT = macosx;
			};
			name = Debug;
		};
		FBFEDC251BA261DF009B4689 /* Release */ = {
			isa = XCBuildConfiguration;
			buildSettings = {
				ALWAYS_SEARCH_USER_PATHS = NO;
				CLANG_CXX_LANGUAGE_STANDARD = "gnu++0x";
				CLANG_CXX_LIBRARY = "libc++";
				CLANG_ENABLE_MODULES = YES;
				CLANG_ENABLE_OBJC_ARC = YES;
				CLANG_WARN_BOOL_CONVERSION = YES;
				CLANG_WARN_CONSTANT_CONVERSION = YES;
				CLANG_WARN_DIRECT_OBJC_ISA_USAGE = YES_ERROR;
				CLANG_WARN_EMPTY_BODY = YES;
				CLANG_WARN_ENUM_CONVERSION = YES;
				CLANG_WARN_INT_CONVERSION = YES;
				CLANG_WARN_OBJC_ROOT_CLASS = YES_ERROR;
				CLANG_WARN_UNREACHABLE_CODE = YES;
				CLANG_WARN__DUPLICATE_METHOD_MATCH = YES;
				COPY_PHASE_STRIP = NO;
				DEBUG_INFORMATION_FORMAT = "dwarf-with-dsym";
				ENABLE_NS_ASSERTIONS = NO;
				ENABLE_STRICT_OBJC_MSGSEND = YES;
				GCC_C_LANGUAGE_STANDARD = gnu99;
				GCC_NO_COMMON_BLOCKS = YES;
				GCC_WARN_64_TO_32_BIT_CONVERSION = YES;
				GCC_WARN_ABOUT_RETURN_TYPE = YES_ERROR;
				GCC_WARN_UNDECLARED_SELECTOR = YES;
				GCC_WARN_UNINITIALIZED_AUTOS = YES_AGGRESSIVE;
				GCC_WARN_UNUSED_FUNCTION = YES;
				GCC_WARN_UNUSED_VARIABLE = YES;
				MACOSX_DEPLOYMENT_TARGET = 10.9;
				MTL_ENABLE_DEBUG_INFO = NO;
				SDKROOT = macosx;
			};
			name = Release;
		};
/* End XCBuildConfiguration section */

/* Begin XCConfigurationList section */
		FBB53C971D0BC99600DD182D /* Build configuration list for PBXNativeTarget "fullscreenER" */ = {
			isa = XCConfigurationList;
			buildConfigurations = (
				FBB53C981D0BC99600DD182D /* Debug */,
				FBB53C991D0BC99600DD182D /* Release */,
			);
			defaultConfigurationIsVisible = 0;
		};
		FBFEDC1B1BA261DE009B4689 /* Build configuration list for PBXProject "fullscreenER" */ = {
			isa = XCConfigurationList;
			buildConfigurations = (
				FBFEDC241BA261DF009B4689 /* Debug */,
				FBFEDC251BA261DF009B4689 /* Release */,
			);
			defaultConfigurationIsVisible = 0;
			defaultConfigurationName = Release;
		};
/* End XCConfigurationList section */
	};
	rootObject = FBFEDC181BA261DE009B4689 /* Project object */;
}
